<Solution>
  <Project Path="Beauty_Aesthetics_Hybrid.Shared/Beauty_Aesthetics_Hybrid.Shared.csproj" />
  <Project Path="Beauty_Aesthetics_Hybrid.Web/Beauty_Aesthetics_Hybrid.Web.csproj" />
  <Project Path="Beauty_Aesthetics_Hybrid/Beauty_Aesthetics_Hybrid.csproj" DefaultStartup="true">
    <Deploy Solution="Debug|*" />
  </Project>
</Solution>
